
Microsoft Visual Studio Solution File, Format Version 12.00
# Visual Studio Version 16
VisualStudioVersion = 16.0.32413.511
MinimumVisualStudioVersion = 10.0.40219.1
Project("{FAE04EC0-301F-11D3-BF4B-00C04F79EFBC}") = "assigment", "assigment\assigment.csproj", "{B108B8D1-E2D5-4820-B3C7-F40D97EA382A}"
EndProject
Project("{FAE04EC0-301F-11D3-BF4B-00C04F79EFBC}") = "B18", "B18\B18.csproj", "{AF9F2DFE-66F4-4322-8A0D-878EF11EB622}"
EndProject
Project("{FAE04EC0-301F-11D3-BF4B-00C04F79EFBC}") = "B5", "B5\B5.csproj", "{2C35BB90-5BCC-47C0-AD22-9C8EC757C080}"
EndProject
Project("{FAE04EC0-301F-11D3-BF4B-00C04F79EFBC}") = "B6", "B6\B6.csproj", "{BC74ABA3-4B5F-4BE8-9E55-663AFC145273}"
EndProject
Project("{FAE04EC0-301F-11D3-BF4B-00C04F79EFBC}") = "B4", "B4\B4.csproj", "{985FF3E9-41A7-4A21-B50C-48CB17669486}"
EndProject
Project("{FAE04EC0-301F-11D3-BF4B-00C04F79EFBC}") = "B8", "B8\B8.csproj", "{D89F68E5-2CBF-4B98-82A3-EE2AE1839C79}"
EndProject
Project("{FAE04EC0-301F-11D3-BF4B-00C04F79EFBC}") = "I5", "I5\I5.csproj", "{2B33B260-49F0-406E-A198-3842668042A8}"
EndProject
Project("{FAE04EC0-301F-11D3-BF4B-00C04F79EFBC}") = "A1", "A1\A1.csproj", "{E134C0AA-08E5-414C-B828-DB0E1CA5DA4D}"
EndProject
Project("{FAE04EC0-301F-11D3-BF4B-00C04F79EFBC}") = "A4", "A4\A4.csproj", "{EADF0D1F-573A-4ABA-B16E-F9FD5E1BCB16}"
EndProject
Project("{FAE04EC0-301F-11D3-BF4B-00C04F79EFBC}") = "A5", "A5\A5.csproj", "{3D645450-8C5E-4DCA-A4DA-0BFC1D446617}"
EndProject
Project("{FAE04EC0-301F-11D3-BF4B-00C04F79EFBC}") = "A6", "A6\A6.csproj", "{B1BD65CA-5B9A-47FC-98B1-6E7C8EA6F51D}"
EndProject
Project("{FAE04EC0-301F-11D3-BF4B-00C04F79EFBC}") = "A3", "A3\A3.csproj", "{5431B9D8-1527-4117-AEC4-8B39343E5045}"
EndProject
Project("{FAE04EC0-301F-11D3-BF4B-00C04F79EFBC}") = "A2", "A2\A2.csproj", "{E4EC98C9-9E97-4F61-81E6-211E5A699DF7}"
EndProject
Project("{FAE04EC0-301F-11D3-BF4B-00C04F79EFBC}") = "B12", "B12\B12.csproj", "{714C0264-A2B2-490B-BB61-26DEA31DEA95}"
EndProject
Project("{FAE04EC0-301F-11D3-BF4B-00C04F79EFBC}") = "B15", "B15\B15.csproj", "{1F33F81A-3705-4FFF-B8A6-E36AF0C1E351}"
EndProject
Project("{FAE04EC0-301F-11D3-BF4B-00C04F79EFBC}") = "B16", "B16\B16.csproj", "{3AC29A7F-97E0-4FC1-BA55-60DDE5CBB20A}"
EndProject
Project("{FAE04EC0-301F-11D3-BF4B-00C04F79EFBC}") = "B19", "B19\B19.csproj", "{DE92F318-DD05-4614-A348-983ABEBD615B}"
EndProject
Project("{FAE04EC0-301F-11D3-BF4B-00C04F79EFBC}") = "AI", "AI\AI.csproj", "{60E3D5F7-FD37-441D-963D-688D4ADE21F0}"
EndProject
Project("{FAE04EC0-301F-11D3-BF4B-00C04F79EFBC}") = "I1", "I1\I1.csproj", "{7FF33E15-E2AF-45C0-9C4D-F20C76EF9E0A}"
EndProject
Project("{FAE04EC0-301F-11D3-BF4B-00C04F79EFBC}") = "I2", "I2\I2.csproj", "{3F6E0ED3-1748-401D-AC95-7F1959B1800E}"
EndProject
Project("{FAE04EC0-301F-11D3-BF4B-00C04F79EFBC}") = "I8", "I8\I8.csproj", "{CA71B023-FEC9-4D19-88E3-0C14782E31C0}"
EndProject
Project("{FAE04EC0-301F-11D3-BF4B-00C04F79EFBC}") = "I9", "I9\I9.csproj", "{F6868E10-0081-4C2A-A4C6-C604BEBDFBDE}"
EndProject
Project("{FAE04EC0-301F-11D3-BF4B-00C04F79EFBC}") = "I10", "I10\I10.csproj", "{24634983-473D-4FAE-BB8D-6752CB8FE085}"
EndProject
Project("{FAE04EC0-301F-11D3-BF4B-00C04F79EFBC}") = "I12", "I12\I12.csproj", "{3C2CE7DB-4C6C-4C1E-ACBF-26BF4B5C8B16}"
EndProject
Project("{FAE04EC0-301F-11D3-BF4B-00C04F79EFBC}") = "I13", "I13\I13.csproj", "{1ADD8A68-5A59-487E-867F-D2E61892BCE6}"
EndProject
Project("{FAE04EC0-301F-11D3-BF4B-00C04F79EFBC}") = "I15", "I15\I15.csproj", "{818349DA-5E96-4087-B5E2-16B256A19071}"
EndProject
Project("{FAE04EC0-301F-11D3-BF4B-00C04F79EFBC}") = "I16", "I16\I16.csproj", "{B9703974-DD46-4087-9E75-1EBF30368A1B}"
EndProject
Project("{FAE04EC0-301F-11D3-BF4B-00C04F79EFBC}") = "I17", "I17\I17.csproj", "{5966F772-3004-4C91-B585-E79654A22FF6}"
EndProject
Project("{FAE04EC0-301F-11D3-BF4B-00C04F79EFBC}") = "I14", "I14\I14.csproj", "{647DFF52-00C4-4771-B56E-DCDCC82F4D46}"
EndProject
Project("{FAE04EC0-301F-11D3-BF4B-00C04F79EFBC}") = "D1", "D1\D1.csproj", "{E4F72061-0462-4330-A148-838D604D5AEC}"
EndProject
Project("{FAE04EC0-301F-11D3-BF4B-00C04F79EFBC}") = "D3", "D3\D3.csproj", "{3533BBFD-5D75-4EBE-BD2D-95E1384DB83D}"
EndProject
Project("{FAE04EC0-301F-11D3-BF4B-00C04F79EFBC}") = "D4", "D4\D4.csproj", "{BCE7DCF4-F63F-438A-AD81-FA48702983DE}"
EndProject
Project("{FAE04EC0-301F-11D3-BF4B-00C04F79EFBC}") = "D5", "D5\D5.csproj", "{851EFFF8-063C-4B89-A078-145CA90B85E2}"
EndProject
Project("{FAE04EC0-301F-11D3-BF4B-00C04F79EFBC}") = "D6", "D6\D6.csproj", "{750CAEAD-1510-4134-B9A6-92391E5B0CA5}"
EndProject
Project("{FAE04EC0-301F-11D3-BF4B-00C04F79EFBC}") = "D7", "D7\D7.csproj", "{A10B6DC2-9447-4C59-B048-38F46F6C22D3}"
EndProject
Project("{FAE04EC0-301F-11D3-BF4B-00C04F79EFBC}") = "A12", "A12\A12.csproj", "{72D6AE65-B8EE-4735-A25F-89A6EA7F69A4}"
EndProject
Project("{FAE04EC0-301F-11D3-BF4B-00C04F79EFBC}") = "A14", "A14\A14.csproj", "{DFBF3BC0-9033-437F-834B-2C5CC3DCB5DE}"
EndProject
Project("{FAE04EC0-301F-11D3-BF4B-00C04F79EFBC}") = "A15", "A15\A15.csproj", "{4CF4F97E-9DA9-452A-8D09-6B596FD03745}"
EndProject
Project("{FAE04EC0-301F-11D3-BF4B-00C04F79EFBC}") = "B14", "B14\B14.csproj", "{B8149F80-529D-4423-9135-71248B046BCD}"
EndProject
Global
	GlobalSection(SolutionConfigurationPlatforms) = preSolution
		Debug|Any CPU = Debug|Any CPU
		Release|Any CPU = Release|Any CPU
	EndGlobalSection
	GlobalSection(ProjectConfigurationPlatforms) = postSolution
		{B108B8D1-E2D5-4820-B3C7-F40D97EA382A}.Debug|Any CPU.ActiveCfg = Debug|Any CPU
		{B108B8D1-E2D5-4820-B3C7-F40D97EA382A}.Debug|Any CPU.Build.0 = Debug|Any CPU
		{B108B8D1-E2D5-4820-B3C7-F40D97EA382A}.Release|Any CPU.ActiveCfg = Release|Any CPU
		{B108B8D1-E2D5-4820-B3C7-F40D97EA382A}.Release|Any CPU.Build.0 = Release|Any CPU
		{AF9F2DFE-66F4-4322-8A0D-878EF11EB622}.Debug|Any CPU.ActiveCfg = Debug|Any CPU
		{AF9F2DFE-66F4-4322-8A0D-878EF11EB622}.Debug|Any CPU.Build.0 = Debug|Any CPU
		{AF9F2DFE-66F4-4322-8A0D-878EF11EB622}.Release|Any CPU.ActiveCfg = Release|Any CPU
		{AF9F2DFE-66F4-4322-8A0D-878EF11EB622}.Release|Any CPU.Build.0 = Release|Any CPU
		{2C35BB90-5BCC-47C0-AD22-9C8EC757C080}.Debug|Any CPU.ActiveCfg = Debug|Any CPU
		{2C35BB90-5BCC-47C0-AD22-9C8EC757C080}.Debug|Any CPU.Build.0 = Debug|Any CPU
		{2C35BB90-5BCC-47C0-AD22-9C8EC757C080}.Release|Any CPU.ActiveCfg = Release|Any CPU
		{2C35BB90-5BCC-47C0-AD22-9C8EC757C080}.Release|Any CPU.Build.0 = Release|Any CPU
		{BC74ABA3-4B5F-4BE8-9E55-663AFC145273}.Debug|Any CPU.ActiveCfg = Debug|Any CPU
		{BC74ABA3-4B5F-4BE8-9E55-663AFC145273}.Debug|Any CPU.Build.0 = Debug|Any CPU
		{BC74ABA3-4B5F-4BE8-9E55-663AFC145273}.Release|Any CPU.ActiveCfg = Release|Any CPU
		{BC74ABA3-4B5F-4BE8-9E55-663AFC145273}.Release|Any CPU.Build.0 = Release|Any CPU
		{985FF3E9-41A7-4A21-B50C-48CB17669486}.Debug|Any CPU.ActiveCfg = Debug|Any CPU
		{985FF3E9-41A7-4A21-B50C-48CB17669486}.Debug|Any CPU.Build.0 = Debug|Any CPU
		{985FF3E9-41A7-4A21-B50C-48CB17669486}.Release|Any CPU.ActiveCfg = Release|Any CPU
		{985FF3E9-41A7-4A21-B50C-48CB17669486}.Release|Any CPU.Build.0 = Release|Any CPU
		{D89F68E5-2CBF-4B98-82A3-EE2AE1839C79}.Debug|Any CPU.ActiveCfg = Debug|Any CPU
		{D89F68E5-2CBF-4B98-82A3-EE2AE1839C79}.Debug|Any CPU.Build.0 = Debug|Any CPU
		{D89F68E5-2CBF-4B98-82A3-EE2AE1839C79}.Release|Any CPU.ActiveCfg = Release|Any CPU
		{D89F68E5-2CBF-4B98-82A3-EE2AE1839C79}.Release|Any CPU.Build.0 = Release|Any CPU
		{2B33B260-49F0-406E-A198-3842668042A8}.Debug|Any CPU.ActiveCfg = Debug|Any CPU
		{2B33B260-49F0-406E-A198-3842668042A8}.Debug|Any CPU.Build.0 = Debug|Any CPU
		{2B33B260-49F0-406E-A198-3842668042A8}.Release|Any CPU.ActiveCfg = Release|Any CPU
		{2B33B260-49F0-406E-A198-3842668042A8}.Release|Any CPU.Build.0 = Release|Any CPU
		{E134C0AA-08E5-414C-B828-DB0E1CA5DA4D}.Debug|Any CPU.ActiveCfg = Debug|Any CPU
		{E134C0AA-08E5-414C-B828-DB0E1CA5DA4D}.Debug|Any CPU.Build.0 = Debug|Any CPU
		{E134C0AA-08E5-414C-B828-DB0E1CA5DA4D}.Release|Any CPU.ActiveCfg = Release|Any CPU
		{E134C0AA-08E5-414C-B828-DB0E1CA5DA4D}.Release|Any CPU.Build.0 = Release|Any CPU
		{EADF0D1F-573A-4ABA-B16E-F9FD5E1BCB16}.Debug|Any CPU.ActiveCfg = Debug|Any CPU
		{EADF0D1F-573A-4ABA-B16E-F9FD5E1BCB16}.Debug|Any CPU.Build.0 = Debug|Any CPU
		{EADF0D1F-573A-4ABA-B16E-F9FD5E1BCB16}.Release|Any CPU.ActiveCfg = Release|Any CPU
		{EADF0D1F-573A-4ABA-B16E-F9FD5E1BCB16}.Release|Any CPU.Build.0 = Release|Any CPU
		{3D645450-8C5E-4DCA-A4DA-0BFC1D446617}.Debug|Any CPU.ActiveCfg = Debug|Any CPU
		{3D645450-8C5E-4DCA-A4DA-0BFC1D446617}.Debug|Any CPU.Build.0 = Debug|Any CPU
		{3D645450-8C5E-4DCA-A4DA-0BFC1D446617}.Release|Any CPU.ActiveCfg = Release|Any CPU
		{3D645450-8C5E-4DCA-A4DA-0BFC1D446617}.Release|Any CPU.Build.0 = Release|Any CPU
		{B1BD65CA-5B9A-47FC-98B1-6E7C8EA6F51D}.Debug|Any CPU.ActiveCfg = Debug|Any CPU
		{B1BD65CA-5B9A-47FC-98B1-6E7C8EA6F51D}.Debug|Any CPU.Build.0 = Debug|Any CPU
		{B1BD65CA-5B9A-47FC-98B1-6E7C8EA6F51D}.Release|Any CPU.ActiveCfg = Release|Any CPU
		{B1BD65CA-5B9A-47FC-98B1-6E7C8EA6F51D}.Release|Any CPU.Build.0 = Release|Any CPU
		{5431B9D8-1527-4117-AEC4-8B39343E5045}.Debug|Any CPU.ActiveCfg = Debug|Any CPU
		{5431B9D8-1527-4117-AEC4-8B39343E5045}.Debug|Any CPU.Build.0 = Debug|Any CPU
		{5431B9D8-1527-4117-AEC4-8B39343E5045}.Release|Any CPU.ActiveCfg = Release|Any CPU
		{5431B9D8-1527-4117-AEC4-8B39343E5045}.Release|Any CPU.Build.0 = Release|Any CPU
		{E4EC98C9-9E97-4F61-81E6-211E5A699DF7}.Debug|Any CPU.ActiveCfg = Debug|Any CPU
		{E4EC98C9-9E97-4F61-81E6-211E5A699DF7}.Debug|Any CPU.Build.0 = Debug|Any CPU
		{E4EC98C9-9E97-4F61-81E6-211E5A699DF7}.Release|Any CPU.ActiveCfg = Release|Any CPU
		{E4EC98C9-9E97-4F61-81E6-211E5A699DF7}.Release|Any CPU.Build.0 = Release|Any CPU
		{714C0264-A2B2-490B-BB61-26DEA31DEA95}.Debug|Any CPU.ActiveCfg = Debug|Any CPU
		{714C0264-A2B2-490B-BB61-26DEA31DEA95}.Debug|Any CPU.Build.0 = Debug|Any CPU
		{714C0264-A2B2-490B-BB61-26DEA31DEA95}.Release|Any CPU.ActiveCfg = Release|Any CPU
		{714C0264-A2B2-490B-BB61-26DEA31DEA95}.Release|Any CPU.Build.0 = Release|Any CPU
		{1F33F81A-3705-4FFF-B8A6-E36AF0C1E351}.Debug|Any CPU.ActiveCfg = Debug|Any CPU
		{1F33F81A-3705-4FFF-B8A6-E36AF0C1E351}.Debug|Any CPU.Build.0 = Debug|Any CPU
		{1F33F81A-3705-4FFF-B8A6-E36AF0C1E351}.Release|Any CPU.ActiveCfg = Release|Any CPU
		{1F33F81A-3705-4FFF-B8A6-E36AF0C1E351}.Release|Any CPU.Build.0 = Release|Any CPU
		{3AC29A7F-97E0-4FC1-BA55-60DDE5CBB20A}.Debug|Any CPU.ActiveCfg = Debug|Any CPU
		{3AC29A7F-97E0-4FC1-BA55-60DDE5CBB20A}.Debug|Any CPU.Build.0 = Debug|Any CPU
		{3AC29A7F-97E0-4FC1-BA55-60DDE5CBB20A}.Release|Any CPU.ActiveCfg = Release|Any CPU
		{3AC29A7F-97E0-4FC1-BA55-60DDE5CBB20A}.Release|Any CPU.Build.0 = Release|Any CPU
		{DE92F318-DD05-4614-A348-983ABEBD615B}.Debug|Any CPU.ActiveCfg = Debug|Any CPU
		{DE92F318-DD05-4614-A348-983ABEBD615B}.Debug|Any CPU.Build.0 = Debug|Any CPU
		{DE92F318-DD05-4614-A348-983ABEBD615B}.Release|Any CPU.ActiveCfg = Release|Any CPU
		{DE92F318-DD05-4614-A348-983ABEBD615B}.Release|Any CPU.Build.0 = Release|Any CPU
		{60E3D5F7-FD37-441D-963D-688D4ADE21F0}.Debug|Any CPU.ActiveCfg = Debug|Any CPU
		{60E3D5F7-FD37-441D-963D-688D4ADE21F0}.Debug|Any CPU.Build.0 = Debug|Any CPU
		{60E3D5F7-FD37-441D-963D-688D4ADE21F0}.Release|Any CPU.ActiveCfg = Release|Any CPU
		{60E3D5F7-FD37-441D-963D-688D4ADE21F0}.Release|Any CPU.Build.0 = Release|Any CPU
		{7FF33E15-E2AF-45C0-9C4D-F20C76EF9E0A}.Debug|Any CPU.ActiveCfg = Debug|Any CPU
		{7FF33E15-E2AF-45C0-9C4D-F20C76EF9E0A}.Debug|Any CPU.Build.0 = Debug|Any CPU
		{7FF33E15-E2AF-45C0-9C4D-F20C76EF9E0A}.Release|Any CPU.ActiveCfg = Release|Any CPU
		{7FF33E15-E2AF-45C0-9C4D-F20C76EF9E0A}.Release|Any CPU.Build.0 = Release|Any CPU
		{3F6E0ED3-1748-401D-AC95-7F1959B1800E}.Debug|Any CPU.ActiveCfg = Debug|Any CPU
		{3F6E0ED3-1748-401D-AC95-7F1959B1800E}.Debug|Any CPU.Build.0 = Debug|Any CPU
		{3F6E0ED3-1748-401D-AC95-7F1959B1800E}.Release|Any CPU.ActiveCfg = Release|Any CPU
		{3F6E0ED3-1748-401D-AC95-7F1959B1800E}.Release|Any CPU.Build.0 = Release|Any CPU
		{CA71B023-FEC9-4D19-88E3-0C14782E31C0}.Debug|Any CPU.ActiveCfg = Debug|Any CPU
		{CA71B023-FEC9-4D19-88E3-0C14782E31C0}.Debug|Any CPU.Build.0 = Debug|Any CPU
		{CA71B023-FEC9-4D19-88E3-0C14782E31C0}.Release|Any CPU.ActiveCfg = Release|Any CPU
		{CA71B023-FEC9-4D19-88E3-0C14782E31C0}.Release|Any CPU.Build.0 = Release|Any CPU
		{F6868E10-0081-4C2A-A4C6-C604BEBDFBDE}.Debug|Any CPU.ActiveCfg = Debug|Any CPU
		{F6868E10-0081-4C2A-A4C6-C604BEBDFBDE}.Debug|Any CPU.Build.0 = Debug|Any CPU
		{F6868E10-0081-4C2A-A4C6-C604BEBDFBDE}.Release|Any CPU.ActiveCfg = Release|Any CPU
		{F6868E10-0081-4C2A-A4C6-C604BEBDFBDE}.Release|Any CPU.Build.0 = Release|Any CPU
		{24634983-473D-4FAE-BB8D-6752CB8FE085}.Debug|Any CPU.ActiveCfg = Debug|Any CPU
		{24634983-473D-4FAE-BB8D-6752CB8FE085}.Debug|Any CPU.Build.0 = Debug|Any CPU
		{24634983-473D-4FAE-BB8D-6752CB8FE085}.Release|Any CPU.ActiveCfg = Release|Any CPU
		{24634983-473D-4FAE-BB8D-6752CB8FE085}.Release|Any CPU.Build.0 = Release|Any CPU
		{3C2CE7DB-4C6C-4C1E-ACBF-26BF4B5C8B16}.Debug|Any CPU.ActiveCfg = Debug|Any CPU
		{3C2CE7DB-4C6C-4C1E-ACBF-26BF4B5C8B16}.Debug|Any CPU.Build.0 = Debug|Any CPU
		{3C2CE7DB-4C6C-4C1E-ACBF-26BF4B5C8B16}.Release|Any CPU.ActiveCfg = Release|Any CPU
		{3C2CE7DB-4C6C-4C1E-ACBF-26BF4B5C8B16}.Release|Any CPU.Build.0 = Release|Any CPU
		{1ADD8A68-5A59-487E-867F-D2E61892BCE6}.Debug|Any CPU.ActiveCfg = Debug|Any CPU
		{1ADD8A68-5A59-487E-867F-D2E61892BCE6}.Debug|Any CPU.Build.0 = Debug|Any CPU
		{1ADD8A68-5A59-487E-867F-D2E61892BCE6}.Release|Any CPU.ActiveCfg = Release|Any CPU
		{1ADD8A68-5A59-487E-867F-D2E61892BCE6}.Release|Any CPU.Build.0 = Release|Any CPU
		{818349DA-5E96-4087-B5E2-16B256A19071}.Debug|Any CPU.ActiveCfg = Debug|Any CPU
		{818349DA-5E96-4087-B5E2-16B256A19071}.Debug|Any CPU.Build.0 = Debug|Any CPU
		{818349DA-5E96-4087-B5E2-16B256A19071}.Release|Any CPU.ActiveCfg = Release|Any CPU
		{818349DA-5E96-4087-B5E2-16B256A19071}.Release|Any CPU.Build.0 = Release|Any CPU
		{B9703974-DD46-4087-9E75-1EBF30368A1B}.Debug|Any CPU.ActiveCfg = Debug|Any CPU
		{B9703974-DD46-4087-9E75-1EBF30368A1B}.Debug|Any CPU.Build.0 = Debug|Any CPU
		{B9703974-DD46-4087-9E75-1EBF30368A1B}.Release|Any CPU.ActiveCfg = Release|Any CPU
		{B9703974-DD46-4087-9E75-1EBF30368A1B}.Release|Any CPU.Build.0 = Release|Any CPU
		{5966F772-3004-4C91-B585-E79654A22FF6}.Debug|Any CPU.ActiveCfg = Debug|Any CPU
		{5966F772-3004-4C91-B585-E79654A22FF6}.Debug|Any CPU.Build.0 = Debug|Any CPU
		{5966F772-3004-4C91-B585-E79654A22FF6}.Release|Any CPU.ActiveCfg = Release|Any CPU
		{5966F772-3004-4C91-B585-E79654A22FF6}.Release|Any CPU.Build.0 = Release|Any CPU
		{647DFF52-00C4-4771-B56E-DCDCC82F4D46}.Debug|Any CPU.ActiveCfg = Debug|Any CPU
		{647DFF52-00C4-4771-B56E-DCDCC82F4D46}.Debug|Any CPU.Build.0 = Debug|Any CPU
		{647DFF52-00C4-4771-B56E-DCDCC82F4D46}.Release|Any CPU.ActiveCfg = Release|Any CPU
		{647DFF52-00C4-4771-B56E-DCDCC82F4D46}.Release|Any CPU.Build.0 = Release|Any CPU
		{E4F72061-0462-4330-A148-838D604D5AEC}.Debug|Any CPU.ActiveCfg = Debug|Any CPU
		{E4F72061-0462-4330-A148-838D604D5AEC}.Debug|Any CPU.Build.0 = Debug|Any CPU
		{E4F72061-0462-4330-A148-838D604D5AEC}.Release|Any CPU.ActiveCfg = Release|Any CPU
		{E4F72061-0462-4330-A148-838D604D5AEC}.Release|Any CPU.Build.0 = Release|Any CPU
		{3533BBFD-5D75-4EBE-BD2D-95E1384DB83D}.Debug|Any CPU.ActiveCfg = Debug|Any CPU
		{3533BBFD-5D75-4EBE-BD2D-95E1384DB83D}.Debug|Any CPU.Build.0 = Debug|Any CPU
		{3533BBFD-5D75-4EBE-BD2D-95E1384DB83D}.Release|Any CPU.ActiveCfg = Release|Any CPU
		{3533BBFD-5D75-4EBE-BD2D-95E1384DB83D}.Release|Any CPU.Build.0 = Release|Any CPU
		{BCE7DCF4-F63F-438A-AD81-FA48702983DE}.Debug|Any CPU.ActiveCfg = Debug|Any CPU
		{BCE7DCF4-F63F-438A-AD81-FA48702983DE}.Debug|Any CPU.Build.0 = Debug|Any CPU
		{BCE7DCF4-F63F-438A-AD81-FA48702983DE}.Release|Any CPU.ActiveCfg = Release|Any CPU
		{BCE7DCF4-F63F-438A-AD81-FA48702983DE}.Release|Any CPU.Build.0 = Release|Any CPU
		{851EFFF8-063C-4B89-A078-145CA90B85E2}.Debug|Any CPU.ActiveCfg = Debug|Any CPU
		{851EFFF8-063C-4B89-A078-145CA90B85E2}.Debug|Any CPU.Build.0 = Debug|Any CPU
		{851EFFF8-063C-4B89-A078-145CA90B85E2}.Release|Any CPU.ActiveCfg = Release|Any CPU
		{851EFFF8-063C-4B89-A078-145CA90B85E2}.Release|Any CPU.Build.0 = Release|Any CPU
		{750CAEAD-1510-4134-B9A6-92391E5B0CA5}.Debug|Any CPU.ActiveCfg = Debug|Any CPU
		{750CAEAD-1510-4134-B9A6-92391E5B0CA5}.Debug|Any CPU.Build.0 = Debug|Any CPU
		{750CAEAD-1510-4134-B9A6-92391E5B0CA5}.Release|Any CPU.ActiveCfg = Release|Any CPU
		{750CAEAD-1510-4134-B9A6-92391E5B0CA5}.Release|Any CPU.Build.0 = Release|Any CPU
		{A10B6DC2-9447-4C59-B048-38F46F6C22D3}.Debug|Any CPU.ActiveCfg = Debug|Any CPU
		{A10B6DC2-9447-4C59-B048-38F46F6C22D3}.Debug|Any CPU.Build.0 = Debug|Any CPU
		{A10B6DC2-9447-4C59-B048-38F46F6C22D3}.Release|Any CPU.ActiveCfg = Release|Any CPU
		{A10B6DC2-9447-4C59-B048-38F46F6C22D3}.Release|Any CPU.Build.0 = Release|Any CPU
		{72D6AE65-B8EE-4735-A25F-89A6EA7F69A4}.Debug|Any CPU.ActiveCfg = Debug|Any CPU
		{72D6AE65-B8EE-4735-A25F-89A6EA7F69A4}.Debug|Any CPU.Build.0 = Debug|Any CPU
		{72D6AE65-B8EE-4735-A25F-89A6EA7F69A4}.Release|Any CPU.ActiveCfg = Release|Any CPU
		{72D6AE65-B8EE-4735-A25F-89A6EA7F69A4}.Release|Any CPU.Build.0 = Release|Any CPU
		{DFBF3BC0-9033-437F-834B-2C5CC3DCB5DE}.Debug|Any CPU.ActiveCfg = Debug|Any CPU
		{DFBF3BC0-9033-437F-834B-2C5CC3DCB5DE}.Debug|Any CPU.Build.0 = Debug|Any CPU
		{DFBF3BC0-9033-437F-834B-2C5CC3DCB5DE}.Release|Any CPU.ActiveCfg = Release|Any CPU
		{DFBF3BC0-9033-437F-834B-2C5CC3DCB5DE}.Release|Any CPU.Build.0 = Release|Any CPU
		{4CF4F97E-9DA9-452A-8D09-6B596FD03745}.Debug|Any CPU.ActiveCfg = Debug|Any CPU
		{4CF4F97E-9DA9-452A-8D09-6B596FD03745}.Debug|Any CPU.Build.0 = Debug|Any CPU
		{4CF4F97E-9DA9-452A-8D09-6B596FD03745}.Release|Any CPU.ActiveCfg = Release|Any CPU
		{4CF4F97E-9DA9-452A-8D09-6B596FD03745}.Release|Any CPU.Build.0 = Release|Any CPU
		{B8149F80-529D-4423-9135-71248B046BCD}.Debug|Any CPU.ActiveCfg = Debug|Any CPU
		{B8149F80-529D-4423-9135-71248B046BCD}.Debug|Any CPU.Build.0 = Debug|Any CPU
		{B8149F80-529D-4423-9135-71248B046BCD}.Release|Any CPU.ActiveCfg = Release|Any CPU
		{B8149F80-529D-4423-9135-71248B046BCD}.Release|Any CPU.Build.0 = Release|Any CPU
	EndGlobalSection
	GlobalSection(SolutionProperties) = preSolution
		HideSolutionNode = FALSE
	EndGlobalSection
	GlobalSection(ExtensibilityGlobals) = postSolution
		SolutionGuid = {917E934F-F1B4-43CC-B19A-EAB5B59AF387}
	EndGlobalSection
EndGlobal
